
Microsoft Visual Studio Solution File, Format Version 12.00
# Visual Studio 15
VisualStudioVersion = 15.0.28307.489
MinimumVisualStudioVersion = 10.0.40219.1
Project("{9A19103F-16F7-4668-BE54-9A1E7A4F7556}") = "WebChat", "WebChat\WebChat.csproj", "{27BABB6E-B817-4914-AA2D-8FEEAC197A84}"
EndProject
Project("{9A19103F-16F7-4668-BE54-9A1E7A4F7556}") = "WebChat.Models", "WebChat.Data\WebChat.Models.csproj", "{32E51932-0EAD-494A-9B17-0B983F16E469}"
EndProject
Project("{9A19103F-16F7-4668-BE54-9A1E7A4F7556}") = "WebChat.Connection", "WebChat.Connection\WebChat.Connection.csproj", "{DF998ECF-F7DB-4E7A-B2BE-B1A3418EBEF5}"
EndProject
Project("{9A19103F-16F7-4668-BE54-9A1E7A4F7556}") = "WebChat.Services", "WebChat.Services\WebChat.Services.csproj", "{259B7F21-3199-44CF-A37B-883BAE7F91A8}"
EndProject
Project("{9A19103F-16F7-4668-BE54-9A1E7A4F7556}") = "WebChat.Hubs", "WebChat.Hub\WebChat.Hubs.csproj", "{0315FBB6-64AB-4EFD-8E91-CC5D04F96261}"
EndProject
Project("{FAE04EC0-301F-11D3-BF4B-00C04F79EFBC}") = "WebChat.AvatarWriter", "WebChat.AvatarWriter\WebChat.AvatarWriter.csproj", "{2BA6CF3D-3039-44EF-AE8C-1AADFD52D98C}"
EndProject
Global
	GlobalSection(SolutionConfigurationPlatforms) = preSolution
		Debug|Any CPU = Debug|Any CPU
		Release|Any CPU = Release|Any CPU
	EndGlobalSection
	GlobalSection(ProjectConfigurationPlatforms) = postSolution
		{27BABB6E-B817-4914-AA2D-8FEEAC197A84}.Debug|Any CPU.ActiveCfg = Debug|Any CPU
		{27BABB6E-B817-4914-AA2D-8FEEAC197A84}.Debug|Any CPU.Build.0 = Debug|Any CPU
		{27BABB6E-B817-4914-AA2D-8FEEAC197A84}.Release|Any CPU.ActiveCfg = Release|Any CPU
		{27BABB6E-B817-4914-AA2D-8FEEAC197A84}.Release|Any CPU.Build.0 = Release|Any CPU
		{32E51932-0EAD-494A-9B17-0B983F16E469}.Debug|Any CPU.ActiveCfg = Debug|Any CPU
		{32E51932-0EAD-494A-9B17-0B983F16E469}.Debug|Any CPU.Build.0 = Debug|Any CPU
		{32E51932-0EAD-494A-9B17-0B983F16E469}.Release|Any CPU.ActiveCfg = Release|Any CPU
		{32E51932-0EAD-494A-9B17-0B983F16E469}.Release|Any CPU.Build.0 = Release|Any CPU
		{DF998ECF-F7DB-4E7A-B2BE-B1A3418EBEF5}.Debug|Any CPU.ActiveCfg = Debug|Any CPU
		{DF998ECF-F7DB-4E7A-B2BE-B1A3418EBEF5}.Debug|Any CPU.Build.0 = Debug|Any CPU
		{DF998ECF-F7DB-4E7A-B2BE-B1A3418EBEF5}.Release|Any CPU.ActiveCfg = Release|Any CPU
		{DF998ECF-F7DB-4E7A-B2BE-B1A3418EBEF5}.Release|Any CPU.Build.0 = Release|Any CPU
		{259B7F21-3199-44CF-A37B-883BAE7F91A8}.Debug|Any CPU.ActiveCfg = Debug|Any CPU
		{259B7F21-3199-44CF-A37B-883BAE7F91A8}.Debug|Any CPU.Build.0 = Debug|Any CPU
		{259B7F21-3199-44CF-A37B-883BAE7F91A8}.Release|Any CPU.ActiveCfg = Release|Any CPU
		{259B7F21-3199-44CF-A37B-883BAE7F91A8}.Release|Any CPU.Build.0 = Release|Any CPU
		{0315FBB6-64AB-4EFD-8E91-CC5D04F96261}.Debug|Any CPU.ActiveCfg = Debug|Any CPU
		{0315FBB6-64AB-4EFD-8E91-CC5D04F96261}.Debug|Any CPU.Build.0 = Debug|Any CPU
		{0315FBB6-64AB-4EFD-8E91-CC5D04F96261}.Release|Any CPU.ActiveCfg = Release|Any CPU
		{0315FBB6-64AB-4EFD-8E91-CC5D04F96261}.Release|Any CPU.Build.0 = Release|Any CPU
		{2BA6CF3D-3039-44EF-AE8C-1AADFD52D98C}.Debug|Any CPU.ActiveCfg = Debug|Any CPU
		{2BA6CF3D-3039-44EF-AE8C-1AADFD52D98C}.Debug|Any CPU.Build.0 = Debug|Any CPU
		{2BA6CF3D-3039-44EF-AE8C-1AADFD52D98C}.Release|Any CPU.ActiveCfg = Release|Any CPU
		{2BA6CF3D-3039-44EF-AE8C-1AADFD52D98C}.Release|Any CPU.Build.0 = Release|Any CPU
	EndGlobalSection
	GlobalSection(SolutionProperties) = preSolution
		HideSolutionNode = FALSE
	EndGlobalSection
	GlobalSection(ExtensibilityGlobals) = postSolution
		SolutionGuid = {A5C98EC1-7987-41AB-A96C-F9E18A65245D}
	EndGlobalSection
EndGlobal
